
Microsoft Visual Studio Solution File, Format Version 12.00
# Visual Studio 15
VisualStudioVersion = 15.0.26730.16
MinimumVisualStudioVersion = 10.0.40219.1
Project("{FAE04EC0-301F-11D3-BF4B-00C04F79EFBC}") = "EFEmpDept", "EFEmpDept\EFEmpDept.csproj", "{2E55C44B-728C-4A55-AE0A-3D45D1DB28FB}"
EndProject
Global
	GlobalSection(SolutionConfigurationPlatforms) = preSolution
		Debug|Any CPU = Debug|Any CPU
		Release|Any CPU = Release|Any CPU
	EndGlobalSection
	GlobalSection(ProjectConfigurationPlatforms) = postSolution
		{2E55C44B-728C-4A55-AE0A-3D45D1DB28FB}.Debug|Any CPU.ActiveCfg = Debug|Any CPU
		{2E55C44B-728C-4A55-AE0A-3D45D1DB28FB}.Debug|Any CPU.Build.0 = Debug|Any CPU
		{2E55C44B-728C-4A55-AE0A-3D45D1DB28FB}.Release|Any CPU.ActiveCfg = Release|Any CPU
		{2E55C44B-728C-4A55-AE0A-3D45D1DB28FB}.Release|Any CPU.Build.0 = Release|Any CPU
	EndGlobalSection
	GlobalSection(SolutionProperties) = preSolution
		HideSolutionNode = FALSE
	EndGlobalSection
	GlobalSection(ExtensibilityGlobals) = postSolution
		SolutionGuid = {0AFFC164-03E8-4F0D-B905-0022592A5E6E}
	EndGlobalSection
EndGlobal
